{
  "name": "html-coding-with-hugo",
  "requires": true,
  "lockfileVersion": 1,
  "dependencies": {
    "shitajicss": {
      "version": "5.1.0",
      "resolved": "https://registry.npmjs.org/shitajicss/-/shitajicss-5.1.0.tgz",
      "integrity": "sha512-Q0wjoTt58dEtXmVhWF6lgw+KFpmeDutzmRdn/RyqQ+FIuNX6u20b7qKRXaMMnQ5XX6qrprQW6GGITktinJI0tQ=="
    }
  }
}
